
Microsoft Visual Studio Solution File, Format Version 12.00
# Visual Studio Version 17
VisualStudioVersion = 17.4.33205.214
MinimumVisualStudioVersion = 10.0.40219.1
Project("{FAE04EC0-301F-11D3-BF4B-00C04F79EFBC}") = "ADONETHomeWork3", "ADONETHomeWork3\ADONETHomeWork3.csproj", "{6A81B04B-05A5-4D06-B3D8-9BF052D0A3B8}"
EndProject
Global
	GlobalSection(SolutionConfigurationPlatforms) = preSolution
		Debug|Any CPU = Debug|Any CPU
		Release|Any CPU = Release|Any CPU
	EndGlobalSection
	GlobalSection(ProjectConfigurationPlatforms) = postSolution
		{6A81B04B-05A5-4D06-B3D8-9BF052D0A3B8}.Debug|Any CPU.ActiveCfg = Debug|Any CPU
		{6A81B04B-05A5-4D06-B3D8-9BF052D0A3B8}.Debug|Any CPU.Build.0 = Debug|Any CPU
		{6A81B04B-05A5-4D06-B3D8-9BF052D0A3B8}.Release|Any CPU.ActiveCfg = Release|Any CPU
		{6A81B04B-05A5-4D06-B3D8-9BF052D0A3B8}.Release|Any CPU.Build.0 = Release|Any CPU
	EndGlobalSection
	GlobalSection(SolutionProperties) = preSolution
		HideSolutionNode = FALSE
	EndGlobalSection
	GlobalSection(ExtensibilityGlobals) = postSolution
		SolutionGuid = {BFDE461B-C884-4EBE-B108-459218323C71}
	EndGlobalSection
EndGlobal
